
Microsoft Visual Studio Solution File, Format Version 12.00
# Visual Studio Version 17
VisualStudioVersion = 17.2.32616.157
MinimumVisualStudioVersion = 10.0.40219.1
Project("{FAE04EC0-301F-11D3-BF4B-00C04F79EFBC}") = "ConsoleApp2", "ConsoleApp2\ConsoleApp2.csproj", "{1A17353D-59DA-42EB-B004-98E1EB2ACE89}"
EndProject
Global
	GlobalSection(SolutionConfigurationPlatforms) = preSolution
		Debug|Any CPU = Debug|Any CPU
		Release|Any CPU = Release|Any CPU
	EndGlobalSection
	GlobalSection(ProjectConfigurationPlatforms) = postSolution
		{1A17353D-59DA-42EB-B004-98E1EB2ACE89}.Debug|Any CPU.ActiveCfg = Debug|Any CPU
		{1A17353D-59DA-42EB-B004-98E1EB2ACE89}.Debug|Any CPU.Build.0 = Debug|Any CPU
		{1A17353D-59DA-42EB-B004-98E1EB2ACE89}.Release|Any CPU.ActiveCfg = Release|Any CPU
		{1A17353D-59DA-42EB-B004-98E1EB2ACE89}.Release|Any CPU.Build.0 = Release|Any CPU
	EndGlobalSection
	GlobalSection(SolutionProperties) = preSolution
		HideSolutionNode = FALSE
	EndGlobalSection
	GlobalSection(ExtensibilityGlobals) = postSolution
		SolutionGuid = {68022260-9814-4EEE-B1B8-4AA6C9A8CAB0}
	EndGlobalSection
EndGlobal
